<?xml version="1.0" encoding="utf-8"?>
<Project ToolsVersion="4.0" xmlns="http://schemas.microsoft.com/developer/msbuild/2003">
  <ItemGroup>
    <Filter Include="Source Files">
      <UniqueIdentifier>{4FC737F1-C7A5-4376-A066-2A32D752A2FF}</UniqueIdentifier>
      <Extensions>cpp;c;cc;cxx;c++;cppm;ixx;def;odl;idl;hpj;bat;asm;asmx</Extensions>
    </Filter>
    <Filter Include="Header Files">
      <UniqueIdentifier>{93995380-89BD-4b04-88EB-625FBE52EBFB}</UniqueIdentifier>
      <Extensions>h;hh;hpp;hxx;h++;hm;inl;inc;ipp;xsd</Extensions>
    </Filter>
    <Filter Include="Resource Files">
      <UniqueIdentifier>{67DA6AB6-F800-4c08-8B7A-83BB121AAD01}</UniqueIdentifier>
      <Extensions>rc;ico;cur;bmp;dlg;rc2;rct;bin;rgs;gif;jpg;jpeg;jpe;resx;tiff;tif;png;wav;mfcribbon-ms</Extensions>
    </Filter>
  </ItemGroup>
  <ItemGroup>
    <None Include="packages.config" />
  </ItemGroup>
  <ItemGroup>
    <ClCompile Include="main.cpp">
      <Filter>Source Files</Filter>
    </ClCompile>
    <ClCompile Include="Animation.cpp">
      <Filter>Source Files</Filter>
    </ClCompile>
    <ClCompile Include="Animations.cpp">
      <Filter>Source Files</Filter>
    </ClCompile>
    <ClCompile Include="Brick.cpp">
      <Filter>Source Files</Filter>
    </ClCompile>
    <ClCompile Include="Coin.cpp">
      <Filter>Source Files</Filter>
    </ClCompile>
    <ClCompile Include="Collision.cpp">
      <Filter>Source Files</Filter>
    </ClCompile>
    <ClCompile Include="debug.cpp">
      <Filter>Source Files</Filter>
    </ClCompile>
    <ClCompile Include="Game.cpp">
      <Filter>Source Files</Filter>
    </ClCompile>
    <ClCompile Include="GameObject.cpp">
      <Filter>Source Files</Filter>
    </ClCompile>
    <ClCompile Include="Mario.cpp">
      <Filter>Source Files</Filter>
    </ClCompile>
    <ClCompile Include="Platform.cpp">
      <Filter>Source Files</Filter>
    </ClCompile>
    <ClCompile Include="SampleKeyEventHandler.cpp">
      <Filter>Source Files</Filter>
    </ClCompile>
    <ClCompile Include="Sprite.cpp">
      <Filter>Source Files</Filter>
    </ClCompile>
    <ClCompile Include="Sprites.cpp">
      <Filter>Source Files</Filter>
    </ClCompile>
    <ClCompile Include="Textures.cpp">
      <Filter>Source Files</Filter>
    </ClCompile>
    <ClCompile Include="PlayScene.cpp">
      <Filter>Source Files</Filter>
    </ClCompile>
    <ClCompile Include="Utils.cpp">
      <Filter>Source Files</Filter>
    </ClCompile>
    <ClCompile Include="Portal.cpp">
      <Filter>Source Files</Filter>
    </ClCompile>
    <ClCompile Include="FlatForm.cpp">
      <Filter>Source Files</Filter>
    </ClCompile>
    <ClCompile Include="TextAndNumber.cpp">
      <Filter>Source Files</Filter>
    </ClCompile>
    <ClCompile Include="GameTime.cpp">
      <Filter>Source Files</Filter>
    </ClCompile>
    <ClCompile Include="ParaGoompa.cpp">
      <Filter>Source Files</Filter>
    </ClCompile>
    <ClCompile Include="Goomba.cpp">
      <Filter>Source Files</Filter>
    </ClCompile>
    <ClCompile Include="Map.cpp">
      <Filter>Source Files</Filter>
    </ClCompile>
    <ClCompile Include="BrickCoin.cpp">
      <Filter>Source Files</Filter>
    </ClCompile>
    <ClCompile Include="Mushroom.cpp">
      <Filter>Source Files</Filter>
    </ClCompile>
    <ClCompile Include="SuperLeaf.cpp">
      <Filter>Source Files</Filter>
    </ClCompile>
    <ClCompile Include="Koompas.cpp">
      <Filter>Source Files</Filter>
    </ClCompile>
    <ClCompile Include="VenusFireTrap.cpp">
      <Filter>Source Files</Filter>
    </ClCompile>
    <ClCompile Include="Pine.cpp">
      <Filter>Source Files</Filter>
    </ClCompile>
    <ClCompile Include="PlantBullet.cpp">
      <Filter>Source Files</Filter>
    </ClCompile>
    <ClCompile Include="PiranhaPlant.cpp">
      <Filter>Source Files</Filter>
    </ClCompile>
    <ClCompile Include="BrickBlink.cpp">
      <Filter>Source Files</Filter>
    </ClCompile>
    <ClCompile Include="BrickDebris.cpp">
      <Filter>Source Files</Filter>
    </ClCompile>
    <ClCompile Include="PButton.cpp">
      <Filter>Source Files</Filter>
    </ClCompile>
    <ClCompile Include="RandomBonus.cpp">
      <Filter>Source Files</Filter>
    </ClCompile>
    <ClCompile Include="MapScene.cpp">
      <Filter>Source Files</Filter>
    </ClCompile>
    <ClCompile Include="MapPortal.cpp">
      <Filter>Source Files</Filter>
    </ClCompile>
    <ClCompile Include="TimerCustom.cpp">
      <Filter>Source Files</Filter>
    </ClCompile>
    <ClCompile Include="VisibleObject.cpp">
      <Filter>Source Files</Filter>
    </ClCompile>
    <ClCompile Include="CircularMoving.cpp">
      <Filter>Source Files</Filter>
    </ClCompile>
    <ClCompile Include="MarioBullet.cpp">
      <Filter>Source Files</Filter>
    </ClCompile>
    <ClCompile Include="UI.cpp">
      <Filter>Source Files</Filter>
    </ClCompile>
    <ClCompile Include="VirtalBox.cpp">
      <Filter>Source Files</Filter>
    </ClCompile>
    <ClCompile Include="StoneKoompas.cpp">
      <Filter>Source Files</Filter>
    </ClCompile>
    <ClCompile Include="LavaBall.cpp">
      <Filter>Source Files</Filter>
    </ClCompile>
    <ClCompile Include="SpinyTurtle.cpp">
      <Filter>Source Files</Filter>
    </ClCompile>
    <ClCompile Include="CastleScene.cpp">
      <Filter>Source Files</Filter>
    </ClCompile>
    <ClCompile Include="Effect.cpp">
      <Filter>Source Files</Filter>
    </ClCompile>
    <ClCompile Include="MoneyEffect.cpp">
      <Filter>Source Files</Filter>
    </ClCompile>
    <ClCompile Include="CoinEffect.cpp">
      <Filter>Source Files</Filter>
    </ClCompile>
    <ClCompile Include="FireFlower.cpp">
      <Filter>Source Files</Filter>
    </ClCompile>
    <ClCompile Include="Door.cpp">
      <Filter>Source Files</Filter>
    </ClCompile>
  </ItemGroup>
  <ItemGroup>
    <ClInclude Include="Animation.h">
      <Filter>Header Files</Filter>
    </ClInclude>
    <ClInclude Include="AnimationFrame.h">
      <Filter>Header Files</Filter>
    </ClInclude>
    <ClInclude Include="Animations.h">
      <Filter>Header Files</Filter>
    </ClInclude>
    <ClInclude Include="AssetIDs.h">
      <Filter>Header Files</Filter>
    </ClInclude>
    <ClInclude Include="Brick.h">
      <Filter>Header Files</Filter>
    </ClInclude>
    <ClInclude Include="Coin.h">
      <Filter>Header Files</Filter>
    </ClInclude>
    <ClInclude Include="Collision.h">
      <Filter>Header Files</Filter>
    </ClInclude>
    <ClInclude Include="debug.h">
      <Filter>Header Files</Filter>
    </ClInclude>
    <ClInclude Include="Game.h">
      <Filter>Header Files</Filter>
    </ClInclude>
    <ClInclude Include="GameObject.h">
      <Filter>Header Files</Filter>
    </ClInclude>
    <ClInclude Include="KeyEventHandler.h">
      <Filter>Header Files</Filter>
    </ClInclude>
    <ClInclude Include="Mario.h">
      <Filter>Header Files</Filter>
    </ClInclude>
    <ClInclude Include="Platform.h">
      <Filter>Header Files</Filter>
    </ClInclude>
    <ClInclude Include="SampleKeyEventHandler.h">
      <Filter>Header Files</Filter>
    </ClInclude>
    <ClInclude Include="Sprite.h">
      <Filter>Header Files</Filter>
    </ClInclude>
    <ClInclude Include="Sprites.h">
      <Filter>Header Files</Filter>
    </ClInclude>
    <ClInclude Include="Texture.h">
      <Filter>Header Files</Filter>
    </ClInclude>
    <ClInclude Include="Textures.h">
      <Filter>Header Files</Filter>
    </ClInclude>
    <ClInclude Include="Scene.h">
      <Filter>Header Files</Filter>
    </ClInclude>
    <ClInclude Include="PlayScene.h">
      <Filter>Header Files</Filter>
    </ClInclude>
    <ClInclude Include="Utils.h">
      <Filter>Header Files</Filter>
    </ClInclude>
    <ClInclude Include="Portal.h">
      <Filter>Header Files</Filter>
    </ClInclude>
    <ClInclude Include="FlatForm.h">
      <Filter>Header Files</Filter>
    </ClInclude>
    <ClInclude Include="TextAndNumber.h">
      <Filter>Header Files</Filter>
    </ClInclude>
    <ClInclude Include="GameTime.h">
      <Filter>Header Files</Filter>
    </ClInclude>
    <ClInclude Include="ParaGoompa.h">
      <Filter>Header Files</Filter>
    </ClInclude>
    <ClInclude Include="Goomba.h">
      <Filter>Header Files</Filter>
    </ClInclude>
    <ClInclude Include="Map.h">
      <Filter>Header Files</Filter>
    </ClInclude>
    <ClInclude Include="BrickCoin.h">
      <Filter>Header Files</Filter>
    </ClInclude>
    <ClInclude Include="Mushroom.h">
      <Filter>Header Files</Filter>
    </ClInclude>
    <ClInclude Include="SuperLeaf.h">
      <Filter>Header Files</Filter>
    </ClInclude>
    <ClInclude Include="Koompas.h">
      <Filter>Header Files</Filter>
    </ClInclude>
    <ClInclude Include="VenusFireTrap.h">
      <Filter>Header Files</Filter>
    </ClInclude>
    <ClInclude Include="Pine.h">
      <Filter>Header Files</Filter>
    </ClInclude>
    <ClInclude Include="PlantBullet.h">
      <Filter>Header Files</Filter>
    </ClInclude>
    <ClInclude Include="PiranhaPlant.h">
      <Filter>Header Files</Filter>
    </ClInclude>
    <ClInclude Include="BrickBlink.h">
      <Filter>Header Files</Filter>
    </ClInclude>
    <ClInclude Include="BrickDebris.h">
      <Filter>Header Files</Filter>
    </ClInclude>
    <ClInclude Include="PButton.h">
      <Filter>Header Files</Filter>
    </ClInclude>
    <ClInclude Include="RandomBonus.h">
      <Filter>Header Files</Filter>
    </ClInclude>
    <ClInclude Include="MapScene.h">
      <Filter>Header Files</Filter>
    </ClInclude>
    <ClInclude Include="MapPortal.h">
      <Filter>Header Files</Filter>
    </ClInclude>
    <ClInclude Include="TimerCustom.h">
      <Filter>Header Files</Filter>
    </ClInclude>
    <ClInclude Include="VisibleObject.h">
      <Filter>Header Files</Filter>
    </ClInclude>
    <ClInclude Include="CircularMoving.h">
      <Filter>Header Files</Filter>
    </ClInclude>
    <ClInclude Include="MarioBullet.h">
      <Filter>Header Files</Filter>
    </ClInclude>
    <ClInclude Include="UI.h">
      <Filter>Header Files</Filter>
    </ClInclude>
    <ClInclude Include="VirtalBox.h">
      <Filter>Header Files</Filter>
    </ClInclude>
    <ClInclude Include="StoneKoompas.h">
      <Filter>Header Files</Filter>
    </ClInclude>
    <ClInclude Include="LavaBall.h">
      <Filter>Header Files</Filter>
    </ClInclude>
    <ClInclude Include="SpinyTurtle.h">
      <Filter>Header Files</Filter>
    </ClInclude>
    <ClInclude Include="CastleScene.h">
      <Filter>Header Files</Filter>
    </ClInclude>
    <ClInclude Include="Effect.h">
      <Filter>Header Files</Filter>
    </ClInclude>
    <ClInclude Include="MoneyEffect.h">
      <Filter>Header Files</Filter>
    </ClInclude>
    <ClInclude Include="CoinEffect.h">
      <Filter>Header Files</Filter>
    </ClInclude>
    <ClInclude Include="FireFlower.h">
      <Filter>Header Files</Filter>
    </ClInclude>
    <ClInclude Include="Door.h">
      <Filter>Header Files</Filter>
    </ClInclude>
  </ItemGroup>
</Project>